
Microsoft Visual Studio Solution File, Format Version 12.00
# Visual Studio Version 16
VisualStudioVersion = 16.0.30804.86
MinimumVisualStudioVersion = 10.0.40219.1
Project("{8BC9CEB8-8B4A-11D0-8D11-00A0C91BC942}") = "5609. 统计一致字符串的数目", "5609. 统计一致字符串的数目\5609. 统计一致字符串的数目.vcxproj", "{4E94306F-77BA-4D8D-B449-8601DCE54FB5}"
EndProject
Project("{8BC9CEB8-8B4A-11D0-8D11-00A0C91BC942}") = "217. 存在重复元素", "217. 存在重复元素\217. 存在重复元素.vcxproj", "{7D8FA3F4-3C44-4B52-ABE0-E638CE601679}"
EndProject
Project("{8BC9CEB8-8B4A-11D0-8D11-00A0C91BC942}") = "1678. 设计 Goal 解析器", "1678. 设计 Goal 解析器\1678. 设计 Goal 解析器.vcxproj", "{4CAF4B06-4F8B-4C8E-8CB1-6058FC298647}"
EndProject
Project("{8BC9CEB8-8B4A-11D0-8D11-00A0C91BC942}") = "771. 宝石与石头", "E:\Leetcode\771. 宝石与石头\771. 宝石与石头.vcxproj", "{37EF2908-FD63-4D58-8822-A2AF7C546117}"
EndProject
Project("{8BC9CEB8-8B4A-11D0-8D11-00A0C91BC942}") = "1108. Defanging an IP Address", "E:\Leetcode\1108. Defanging an IP Address\1108. Defanging an IP Address.vcxproj", "{1003756E-34CF-4A0B-823D-50EF65EA2609}"
EndProject
Project("{8BC9CEB8-8B4A-11D0-8D11-00A0C91BC942}") = "1431. 拥有最多糖果的孩子", "E:\Leetcode\1431. 拥有最多糖果的孩子\1431. 拥有最多糖果的孩子.vcxproj", "{D9E8F739-452F-421C-AE00-0DB59756578B}"
EndProject
Project("{8BC9CEB8-8B4A-11D0-8D11-00A0C91BC942}") = "1470. Shuffle the Array", "E:\Leetcode\1470. Shuffle the Array\1470. Shuffle the Array.vcxproj", "{B3980DD6-F4CA-4119-8730-E7F8CB36C99C}"
EndProject
Project("{8BC9CEB8-8B4A-11D0-8D11-00A0C91BC942}") = "1480. 一维数组的动态和", "E:\Leetcode\1480. 一维数组的动态和\1480. 一维数组的动态和.vcxproj", "{D6795A38-DF97-4DEA-B468-DBCEDFDCCAF2}"
EndProject
Project("{8BC9CEB8-8B4A-11D0-8D11-00A0C91BC942}") = "1512. Number of Good Pairs", "E:\Leetcode\1512. Number of Good Pairs\1512. Number of Good Pairs.vcxproj", "{72340287-E6B4-4414-B58A-D48863A19C88}"
EndProject
Project("{8BC9CEB8-8B4A-11D0-8D11-00A0C91BC942}") = "1672. 最富有客户的资产总量", "E:\Leetcode\1672. 最富有客户的资产总量\1672. 最富有客户的资产总量.vcxproj", "{C3BF91A4-00E8-4AB1-B9BD-4D04E00216AF}"
EndProject
Project("{8BC9CEB8-8B4A-11D0-8D11-00A0C91BC942}") = "1486. 数组异或操作", "1486. 数组异或操作\1486. 数组异或操作.vcxproj", "{AA201FBF-A768-4BB6-9395-4958F376C228}"
EndProject
Project("{8BC9CEB8-8B4A-11D0-8D11-00A0C91BC942}") = "1603. 设计停车系统", "1603. 设计停车系统\1603. 设计停车系统.vcxproj", "{35FA9661-6376-453E-AF7A-8186BA64B69B}"
EndProject
Project("{8BC9CEB8-8B4A-11D0-8D11-00A0C91BC942}") = "LCP 01. 猜数字", "LCP 01. 猜数字\LCP 01. 猜数字.vcxproj", "{31798C51-21BC-47C8-A76F-62D239A82A0B}"
EndProject
Project("{8BC9CEB8-8B4A-11D0-8D11-00A0C91BC942}") = "1662. 检查两个字符串数组是否相等", "1662. 检查两个字符串数组是否相等\1662. 检查两个字符串数组是否相等.vcxproj", "{4C4C7990-6B53-4C4E-B480-489510915A77}"
EndProject
Project("{8BC9CEB8-8B4A-11D0-8D11-00A0C91BC942}") = "LCP 06. 拿硬币", "LCP 06. 拿硬币\LCP 06. 拿硬币.vcxproj", "{3839B781-C6E2-42ED-AAB8-812496A0284D}"
EndProject
Project("{8BC9CEB8-8B4A-11D0-8D11-00A0C91BC942}") = "237. 删除链表中的节点", "237. 删除链表中的节点\237. 删除链表中的节点.vcxproj", "{9FD6876F-2145-4A3D-8EBF-3449DABDE0E0}"
EndProject
Project("{8BC9CEB8-8B4A-11D0-8D11-00A0C91BC942}") = "1281. 整数的各位积和之差", "1281. 整数的各位积和之差\1281. 整数的各位积和之差.vcxproj", "{71794DF2-044F-450A-935B-0039965FE11F}"
EndProject
Project("{8BC9CEB8-8B4A-11D0-8D11-00A0C91BC942}") = "1389. 按既定顺序创建目标数组", "1389. 按既定顺序创建目标数组\1389. 按既定顺序创建目标数组.vcxproj", "{23D611F4-309A-4F86-87B9-2D51D8470F29}"
EndProject
Project("{8BC9CEB8-8B4A-11D0-8D11-00A0C91BC942}") = "1313. 解压缩编码列表", "1313. 解压缩编码列表\1313. 解压缩编码列表.vcxproj", "{A17FE083-6E4E-4174-A340-5971125B0742}"
EndProject
Project("{8BC9CEB8-8B4A-11D0-8D11-00A0C91BC942}") = "1365. 有多少小于当前数字的数字", "1365. 有多少小于当前数字的数字\1365. 有多少小于当前数字的数字.vcxproj", "{6809F30F-C623-4C02-8473-D5A5CF82E7BA}"
EndProject
Project("{8BC9CEB8-8B4A-11D0-8D11-00A0C91BC942}") = "1614. 括号的最大嵌套深度", "1614. 括号的最大嵌套深度\1614. 括号的最大嵌套深度.vcxproj", "{ED4FBBAC-D629-425A-8C56-7584644DF848}"
EndProject
Project("{8BC9CEB8-8B4A-11D0-8D11-00A0C91BC942}") = "1266. 访问所有点的最小时间", "1266. 访问所有点的最小时间\1266. 访问所有点的最小时间.vcxproj", "{52A6F817-53E4-44AC-93E2-9F6ADA688B9D}"
EndProject
Project("{8BC9CEB8-8B4A-11D0-8D11-00A0C91BC942}") = "1342. 将数字变成 0 的操作次数", "1342. 将数字变成 0 的操作次数\1342. 将数字变成 0 的操作次数.vcxproj", "{9E9F96DF-DC4B-4697-8D06-A478D2D6FC91}"
EndProject
Project("{8BC9CEB8-8B4A-11D0-8D11-00A0C91BC942}") = "1295. 统计位数为偶数的数字", "1295. 统计位数为偶数的数字\1295. 统计位数为偶数的数字.vcxproj", "{540A6AE2-2314-42EC-833F-40F86F753B0C}"
EndProject
Project("{8BC9CEB8-8B4A-11D0-8D11-00A0C91BC942}") = "1572. 矩阵对角线元素的和", "1572. 矩阵对角线元素的和\1572. 矩阵对角线元素的和.vcxproj", "{10870836-91AE-4BEF-AC88-039CFDC42259}"
EndProject
Project("{8BC9CEB8-8B4A-11D0-8D11-00A0C91BC942}") = "1290. 二进制链表转整数", "1290. 二进制链表转整数\1290. 二进制链表转整数.vcxproj", "{F7DEDC65-C687-4703-A880-0CCEA6704BA3}"
EndProject
Project("{8BC9CEB8-8B4A-11D0-8D11-00A0C91BC942}") = "1588. 所有奇数长度子数组的和", "1588. 所有奇数长度子数组的和\1588. 所有奇数长度子数组的和.vcxproj", "{BA04AADF-4CB8-445E-AC2E-D023B221D3D8}"
EndProject
Project("{8BC9CEB8-8B4A-11D0-8D11-00A0C91BC942}") = "1450. 在既定时间做作业的学生人数", "1450. 在既定时间做作业的学生人数\1450. 在既定时间做作业的学生人数.vcxproj", "{3757AAE8-4838-4467-BC88-F34A387DB6CD}"
EndProject
Project("{8BC9CEB8-8B4A-11D0-8D11-00A0C91BC942}") = "LCP 17. 速算机器人", "LCP 17. 速算机器人\LCP 17. 速算机器人.vcxproj", "{406C33F1-610C-450C-90F6-E92448E1CA61}"
EndProject
Project("{8BC9CEB8-8B4A-11D0-8D11-00A0C91BC942}") = "1688. 比赛中的配对次数", "1688. 比赛中的配对次数\1688. 比赛中的配对次数.vcxproj", "{E29342BE-43B4-447B-B937-9B5480874B01}"
EndProject
Project("{8BC9CEB8-8B4A-11D0-8D11-00A0C91BC942}") = "1370. 上升下降字符串", "1370. 上升下降字符串\1370. 上升下降字符串.vcxproj", "{2CBB9CF9-DA52-4657-901B-F724308075D5}"
EndProject
Project("{8BC9CEB8-8B4A-11D0-8D11-00A0C91BC942}") = "1. 两数之和", "1. 两数之和\1. 两数之和.vcxproj", "{EAF8D44E-5407-4F33-BC41-F858C77C6BF4}"
EndProject
Project("{8BC9CEB8-8B4A-11D0-8D11-00A0C91BC942}") = "2. 两数相加", "2. 两数相加\2. 两数相加.vcxproj", "{417C2F68-3036-4495-B90C-7B8DCE1DDA7E}"
EndProject
Project("{8BC9CEB8-8B4A-11D0-8D11-00A0C91BC942}") = "7. 整数反转", "7. 整数反转\7. 整数反转.vcxproj", "{824AD1E8-C12A-4351-A65E-5AD04030DCE7}"
EndProject
Project("{8BC9CEB8-8B4A-11D0-8D11-00A0C91BC942}") = "9. 回文数", "9. 回文数\9. 回文数.vcxproj", "{79A86A20-93B1-488C-ACD5-5812C975DFFB}"
EndProject
Project("{8BC9CEB8-8B4A-11D0-8D11-00A0C91BC942}") = "13. 罗马数字转整数", "13. 罗马数字转整数\13. 罗马数字转整数.vcxproj", "{06A0C08A-C2AF-4EB4-B9E9-13FA5DB4EEA0}"
EndProject
Project("{8BC9CEB8-8B4A-11D0-8D11-00A0C91BC942}") = "14. 最长公共前缀", "14. 最长公共前缀\14. 最长公共前缀.vcxproj", "{B9A3EB10-164E-4C42-ACBB-B84C3ECEF1AE}"
EndProject
Project("{8BC9CEB8-8B4A-11D0-8D11-00A0C91BC942}") = "20. 有效的括号", "20. 有效的括号\20. 有效的括号.vcxproj", "{1E4F47D3-3EFC-444C-99BE-8904763C23AB}"
EndProject
Global
	GlobalSection(SolutionConfigurationPlatforms) = preSolution
		Debug|x64 = Debug|x64
		Debug|x86 = Debug|x86
		Release|x64 = Release|x64
		Release|x86 = Release|x86
	EndGlobalSection
	GlobalSection(ProjectConfigurationPlatforms) = postSolution
		{4E94306F-77BA-4D8D-B449-8601DCE54FB5}.Debug|x64.ActiveCfg = Debug|x64
		{4E94306F-77BA-4D8D-B449-8601DCE54FB5}.Debug|x64.Build.0 = Debug|x64
		{4E94306F-77BA-4D8D-B449-8601DCE54FB5}.Debug|x86.ActiveCfg = Debug|Win32
		{4E94306F-77BA-4D8D-B449-8601DCE54FB5}.Debug|x86.Build.0 = Debug|Win32
		{4E94306F-77BA-4D8D-B449-8601DCE54FB5}.Release|x64.ActiveCfg = Release|x64
		{4E94306F-77BA-4D8D-B449-8601DCE54FB5}.Release|x64.Build.0 = Release|x64
		{4E94306F-77BA-4D8D-B449-8601DCE54FB5}.Release|x86.ActiveCfg = Release|Win32
		{4E94306F-77BA-4D8D-B449-8601DCE54FB5}.Release|x86.Build.0 = Release|Win32
		{7D8FA3F4-3C44-4B52-ABE0-E638CE601679}.Debug|x64.ActiveCfg = Debug|x64
		{7D8FA3F4-3C44-4B52-ABE0-E638CE601679}.Debug|x64.Build.0 = Debug|x64
		{7D8FA3F4-3C44-4B52-ABE0-E638CE601679}.Debug|x86.ActiveCfg = Debug|Win32
		{7D8FA3F4-3C44-4B52-ABE0-E638CE601679}.Debug|x86.Build.0 = Debug|Win32
		{7D8FA3F4-3C44-4B52-ABE0-E638CE601679}.Release|x64.ActiveCfg = Release|x64
		{7D8FA3F4-3C44-4B52-ABE0-E638CE601679}.Release|x64.Build.0 = Release|x64
		{7D8FA3F4-3C44-4B52-ABE0-E638CE601679}.Release|x86.ActiveCfg = Release|Win32
		{7D8FA3F4-3C44-4B52-ABE0-E638CE601679}.Release|x86.Build.0 = Release|Win32
		{4CAF4B06-4F8B-4C8E-8CB1-6058FC298647}.Debug|x64.ActiveCfg = Debug|x64
		{4CAF4B06-4F8B-4C8E-8CB1-6058FC298647}.Debug|x64.Build.0 = Debug|x64
		{4CAF4B06-4F8B-4C8E-8CB1-6058FC298647}.Debug|x86.ActiveCfg = Debug|Win32
		{4CAF4B06-4F8B-4C8E-8CB1-6058FC298647}.Debug|x86.Build.0 = Debug|Win32
		{4CAF4B06-4F8B-4C8E-8CB1-6058FC298647}.Release|x64.ActiveCfg = Release|x64
		{4CAF4B06-4F8B-4C8E-8CB1-6058FC298647}.Release|x64.Build.0 = Release|x64
		{4CAF4B06-4F8B-4C8E-8CB1-6058FC298647}.Release|x86.ActiveCfg = Release|Win32
		{4CAF4B06-4F8B-4C8E-8CB1-6058FC298647}.Release|x86.Build.0 = Release|Win32
		{37EF2908-FD63-4D58-8822-A2AF7C546117}.Debug|x64.ActiveCfg = Debug|Win32
		{37EF2908-FD63-4D58-8822-A2AF7C546117}.Debug|x86.ActiveCfg = Debug|Win32
		{37EF2908-FD63-4D58-8822-A2AF7C546117}.Debug|x86.Build.0 = Debug|Win32
		{37EF2908-FD63-4D58-8822-A2AF7C546117}.Release|x64.ActiveCfg = Release|Win32
		{37EF2908-FD63-4D58-8822-A2AF7C546117}.Release|x86.ActiveCfg = Release|Win32
		{37EF2908-FD63-4D58-8822-A2AF7C546117}.Release|x86.Build.0 = Release|Win32
		{1003756E-34CF-4A0B-823D-50EF65EA2609}.Debug|x64.ActiveCfg = Debug|Win32
		{1003756E-34CF-4A0B-823D-50EF65EA2609}.Debug|x86.ActiveCfg = Debug|Win32
		{1003756E-34CF-4A0B-823D-50EF65EA2609}.Debug|x86.Build.0 = Debug|Win32
		{1003756E-34CF-4A0B-823D-50EF65EA2609}.Release|x64.ActiveCfg = Release|Win32
		{1003756E-34CF-4A0B-823D-50EF65EA2609}.Release|x86.ActiveCfg = Release|Win32
		{1003756E-34CF-4A0B-823D-50EF65EA2609}.Release|x86.Build.0 = Release|Win32
		{D9E8F739-452F-421C-AE00-0DB59756578B}.Debug|x64.ActiveCfg = Debug|Win32
		{D9E8F739-452F-421C-AE00-0DB59756578B}.Debug|x86.ActiveCfg = Debug|Win32
		{D9E8F739-452F-421C-AE00-0DB59756578B}.Debug|x86.Build.0 = Debug|Win32
		{D9E8F739-452F-421C-AE00-0DB59756578B}.Release|x64.ActiveCfg = Release|Win32
		{D9E8F739-452F-421C-AE00-0DB59756578B}.Release|x86.ActiveCfg = Release|Win32
		{D9E8F739-452F-421C-AE00-0DB59756578B}.Release|x86.Build.0 = Release|Win32
		{B3980DD6-F4CA-4119-8730-E7F8CB36C99C}.Debug|x64.ActiveCfg = Debug|Win32
		{B3980DD6-F4CA-4119-8730-E7F8CB36C99C}.Debug|x86.ActiveCfg = Debug|Win32
		{B3980DD6-F4CA-4119-8730-E7F8CB36C99C}.Debug|x86.Build.0 = Debug|Win32
		{B3980DD6-F4CA-4119-8730-E7F8CB36C99C}.Release|x64.ActiveCfg = Release|Win32
		{B3980DD6-F4CA-4119-8730-E7F8CB36C99C}.Release|x86.ActiveCfg = Release|Win32
		{B3980DD6-F4CA-4119-8730-E7F8CB36C99C}.Release|x86.Build.0 = Release|Win32
		{D6795A38-DF97-4DEA-B468-DBCEDFDCCAF2}.Debug|x64.ActiveCfg = Debug|Win32
		{D6795A38-DF97-4DEA-B468-DBCEDFDCCAF2}.Debug|x86.ActiveCfg = Debug|Win32
		{D6795A38-DF97-4DEA-B468-DBCEDFDCCAF2}.Debug|x86.Build.0 = Debug|Win32
		{D6795A38-DF97-4DEA-B468-DBCEDFDCCAF2}.Release|x64.ActiveCfg = Release|Win32
		{D6795A38-DF97-4DEA-B468-DBCEDFDCCAF2}.Release|x86.ActiveCfg = Release|Win32
		{D6795A38-DF97-4DEA-B468-DBCEDFDCCAF2}.Release|x86.Build.0 = Release|Win32
		{72340287-E6B4-4414-B58A-D48863A19C88}.Debug|x64.ActiveCfg = Debug|Win32
		{72340287-E6B4-4414-B58A-D48863A19C88}.Debug|x86.ActiveCfg = Debug|Win32
		{72340287-E6B4-4414-B58A-D48863A19C88}.Debug|x86.Build.0 = Debug|Win32
		{72340287-E6B4-4414-B58A-D48863A19C88}.Release|x64.ActiveCfg = Release|Win32
		{72340287-E6B4-4414-B58A-D48863A19C88}.Release|x86.ActiveCfg = Release|Win32
		{72340287-E6B4-4414-B58A-D48863A19C88}.Release|x86.Build.0 = Release|Win32
		{C3BF91A4-00E8-4AB1-B9BD-4D04E00216AF}.Debug|x64.ActiveCfg = Debug|Win32
		{C3BF91A4-00E8-4AB1-B9BD-4D04E00216AF}.Debug|x86.ActiveCfg = Debug|Win32
		{C3BF91A4-00E8-4AB1-B9BD-4D04E00216AF}.Debug|x86.Build.0 = Debug|Win32
		{C3BF91A4-00E8-4AB1-B9BD-4D04E00216AF}.Release|x64.ActiveCfg = Release|Win32
		{C3BF91A4-00E8-4AB1-B9BD-4D04E00216AF}.Release|x86.ActiveCfg = Release|Win32
		{C3BF91A4-00E8-4AB1-B9BD-4D04E00216AF}.Release|x86.Build.0 = Release|Win32
		{AA201FBF-A768-4BB6-9395-4958F376C228}.Debug|x64.ActiveCfg = Debug|x64
		{AA201FBF-A768-4BB6-9395-4958F376C228}.Debug|x64.Build.0 = Debug|x64
		{AA201FBF-A768-4BB6-9395-4958F376C228}.Debug|x86.ActiveCfg = Debug|Win32
		{AA201FBF-A768-4BB6-9395-4958F376C228}.Debug|x86.Build.0 = Debug|Win32
		{AA201FBF-A768-4BB6-9395-4958F376C228}.Release|x64.ActiveCfg = Release|x64
		{AA201FBF-A768-4BB6-9395-4958F376C228}.Release|x64.Build.0 = Release|x64
		{AA201FBF-A768-4BB6-9395-4958F376C228}.Release|x86.ActiveCfg = Release|Win32
		{AA201FBF-A768-4BB6-9395-4958F376C228}.Release|x86.Build.0 = Release|Win32
		{35FA9661-6376-453E-AF7A-8186BA64B69B}.Debug|x64.ActiveCfg = Debug|x64
		{35FA9661-6376-453E-AF7A-8186BA64B69B}.Debug|x64.Build.0 = Debug|x64
		{35FA9661-6376-453E-AF7A-8186BA64B69B}.Debug|x86.ActiveCfg = Debug|Win32
		{35FA9661-6376-453E-AF7A-8186BA64B69B}.Debug|x86.Build.0 = Debug|Win32
		{35FA9661-6376-453E-AF7A-8186BA64B69B}.Release|x64.ActiveCfg = Release|x64
		{35FA9661-6376-453E-AF7A-8186BA64B69B}.Release|x64.Build.0 = Release|x64
		{35FA9661-6376-453E-AF7A-8186BA64B69B}.Release|x86.ActiveCfg = Release|Win32
		{35FA9661-6376-453E-AF7A-8186BA64B69B}.Release|x86.Build.0 = Release|Win32
		{31798C51-21BC-47C8-A76F-62D239A82A0B}.Debug|x64.ActiveCfg = Debug|x64
		{31798C51-21BC-47C8-A76F-62D239A82A0B}.Debug|x64.Build.0 = Debug|x64
		{31798C51-21BC-47C8-A76F-62D239A82A0B}.Debug|x86.ActiveCfg = Debug|Win32
		{31798C51-21BC-47C8-A76F-62D239A82A0B}.Debug|x86.Build.0 = Debug|Win32
		{31798C51-21BC-47C8-A76F-62D239A82A0B}.Release|x64.ActiveCfg = Release|x64
		{31798C51-21BC-47C8-A76F-62D239A82A0B}.Release|x64.Build.0 = Release|x64
		{31798C51-21BC-47C8-A76F-62D239A82A0B}.Release|x86.ActiveCfg = Release|Win32
		{31798C51-21BC-47C8-A76F-62D239A82A0B}.Release|x86.Build.0 = Release|Win32
		{4C4C7990-6B53-4C4E-B480-489510915A77}.Debug|x64.ActiveCfg = Debug|x64
		{4C4C7990-6B53-4C4E-B480-489510915A77}.Debug|x64.Build.0 = Debug|x64
		{4C4C7990-6B53-4C4E-B480-489510915A77}.Debug|x86.ActiveCfg = Debug|Win32
		{4C4C7990-6B53-4C4E-B480-489510915A77}.Debug|x86.Build.0 = Debug|Win32
		{4C4C7990-6B53-4C4E-B480-489510915A77}.Release|x64.ActiveCfg = Release|x64
		{4C4C7990-6B53-4C4E-B480-489510915A77}.Release|x64.Build.0 = Release|x64
		{4C4C7990-6B53-4C4E-B480-489510915A77}.Release|x86.ActiveCfg = Release|Win32
		{4C4C7990-6B53-4C4E-B480-489510915A77}.Release|x86.Build.0 = Release|Win32
		{3839B781-C6E2-42ED-AAB8-812496A0284D}.Debug|x64.ActiveCfg = Debug|x64
		{3839B781-C6E2-42ED-AAB8-812496A0284D}.Debug|x64.Build.0 = Debug|x64
		{3839B781-C6E2-42ED-AAB8-812496A0284D}.Debug|x86.ActiveCfg = Debug|Win32
		{3839B781-C6E2-42ED-AAB8-812496A0284D}.Debug|x86.Build.0 = Debug|Win32
		{3839B781-C6E2-42ED-AAB8-812496A0284D}.Release|x64.ActiveCfg = Release|x64
		{3839B781-C6E2-42ED-AAB8-812496A0284D}.Release|x64.Build.0 = Release|x64
		{3839B781-C6E2-42ED-AAB8-812496A0284D}.Release|x86.ActiveCfg = Release|Win32
		{3839B781-C6E2-42ED-AAB8-812496A0284D}.Release|x86.Build.0 = Release|Win32
		{9FD6876F-2145-4A3D-8EBF-3449DABDE0E0}.Debug|x64.ActiveCfg = Debug|x64
		{9FD6876F-2145-4A3D-8EBF-3449DABDE0E0}.Debug|x64.Build.0 = Debug|x64
		{9FD6876F-2145-4A3D-8EBF-3449DABDE0E0}.Debug|x86.ActiveCfg = Debug|Win32
		{9FD6876F-2145-4A3D-8EBF-3449DABDE0E0}.Debug|x86.Build.0 = Debug|Win32
		{9FD6876F-2145-4A3D-8EBF-3449DABDE0E0}.Release|x64.ActiveCfg = Release|x64
		{9FD6876F-2145-4A3D-8EBF-3449DABDE0E0}.Release|x64.Build.0 = Release|x64
		{9FD6876F-2145-4A3D-8EBF-3449DABDE0E0}.Release|x86.ActiveCfg = Release|Win32
		{9FD6876F-2145-4A3D-8EBF-3449DABDE0E0}.Release|x86.Build.0 = Release|Win32
		{71794DF2-044F-450A-935B-0039965FE11F}.Debug|x64.ActiveCfg = Debug|x64
		{71794DF2-044F-450A-935B-0039965FE11F}.Debug|x64.Build.0 = Debug|x64
		{71794DF2-044F-450A-935B-0039965FE11F}.Debug|x86.ActiveCfg = Debug|Win32
		{71794DF2-044F-450A-935B-0039965FE11F}.Debug|x86.Build.0 = Debug|Win32
		{71794DF2-044F-450A-935B-0039965FE11F}.Release|x64.ActiveCfg = Release|x64
		{71794DF2-044F-450A-935B-0039965FE11F}.Release|x64.Build.0 = Release|x64
		{71794DF2-044F-450A-935B-0039965FE11F}.Release|x86.ActiveCfg = Release|Win32
		{71794DF2-044F-450A-935B-0039965FE11F}.Release|x86.Build.0 = Release|Win32
		{23D611F4-309A-4F86-87B9-2D51D8470F29}.Debug|x64.ActiveCfg = Debug|x64
		{23D611F4-309A-4F86-87B9-2D51D8470F29}.Debug|x64.Build.0 = Debug|x64
		{23D611F4-309A-4F86-87B9-2D51D8470F29}.Debug|x86.ActiveCfg = Debug|Win32
		{23D611F4-309A-4F86-87B9-2D51D8470F29}.Debug|x86.Build.0 = Debug|Win32
		{23D611F4-309A-4F86-87B9-2D51D8470F29}.Release|x64.ActiveCfg = Release|x64
		{23D611F4-309A-4F86-87B9-2D51D8470F29}.Release|x64.Build.0 = Release|x64
		{23D611F4-309A-4F86-87B9-2D51D8470F29}.Release|x86.ActiveCfg = Release|Win32
		{23D611F4-309A-4F86-87B9-2D51D8470F29}.Release|x86.Build.0 = Release|Win32
		{A17FE083-6E4E-4174-A340-5971125B0742}.Debug|x64.ActiveCfg = Debug|x64
		{A17FE083-6E4E-4174-A340-5971125B0742}.Debug|x64.Build.0 = Debug|x64
		{A17FE083-6E4E-4174-A340-5971125B0742}.Debug|x86.ActiveCfg = Debug|Win32
		{A17FE083-6E4E-4174-A340-5971125B0742}.Debug|x86.Build.0 = Debug|Win32
		{A17FE083-6E4E-4174-A340-5971125B0742}.Release|x64.ActiveCfg = Release|x64
		{A17FE083-6E4E-4174-A340-5971125B0742}.Release|x64.Build.0 = Release|x64
		{A17FE083-6E4E-4174-A340-5971125B0742}.Release|x86.ActiveCfg = Release|Win32
		{A17FE083-6E4E-4174-A340-5971125B0742}.Release|x86.Build.0 = Release|Win32
		{6809F30F-C623-4C02-8473-D5A5CF82E7BA}.Debug|x64.ActiveCfg = Debug|x64
		{6809F30F-C623-4C02-8473-D5A5CF82E7BA}.Debug|x64.Build.0 = Debug|x64
		{6809F30F-C623-4C02-8473-D5A5CF82E7BA}.Debug|x86.ActiveCfg = Debug|Win32
		{6809F30F-C623-4C02-8473-D5A5CF82E7BA}.Debug|x86.Build.0 = Debug|Win32
		{6809F30F-C623-4C02-8473-D5A5CF82E7BA}.Release|x64.ActiveCfg = Release|x64
		{6809F30F-C623-4C02-8473-D5A5CF82E7BA}.Release|x64.Build.0 = Release|x64
		{6809F30F-C623-4C02-8473-D5A5CF82E7BA}.Release|x86.ActiveCfg = Release|Win32
		{6809F30F-C623-4C02-8473-D5A5CF82E7BA}.Release|x86.Build.0 = Release|Win32
		{ED4FBBAC-D629-425A-8C56-7584644DF848}.Debug|x64.ActiveCfg = Debug|x64
		{ED4FBBAC-D629-425A-8C56-7584644DF848}.Debug|x64.Build.0 = Debug|x64
		{ED4FBBAC-D629-425A-8C56-7584644DF848}.Debug|x86.ActiveCfg = Debug|Win32
		{ED4FBBAC-D629-425A-8C56-7584644DF848}.Debug|x86.Build.0 = Debug|Win32
		{ED4FBBAC-D629-425A-8C56-7584644DF848}.Release|x64.ActiveCfg = Release|x64
		{ED4FBBAC-D629-425A-8C56-7584644DF848}.Release|x64.Build.0 = Release|x64
		{ED4FBBAC-D629-425A-8C56-7584644DF848}.Release|x86.ActiveCfg = Release|Win32
		{ED4FBBAC-D629-425A-8C56-7584644DF848}.Release|x86.Build.0 = Release|Win32
		{52A6F817-53E4-44AC-93E2-9F6ADA688B9D}.Debug|x64.ActiveCfg = Debug|x64
		{52A6F817-53E4-44AC-93E2-9F6ADA688B9D}.Debug|x64.Build.0 = Debug|x64
		{52A6F817-53E4-44AC-93E2-9F6ADA688B9D}.Debug|x86.ActiveCfg = Debug|Win32
		{52A6F817-53E4-44AC-93E2-9F6ADA688B9D}.Debug|x86.Build.0 = Debug|Win32
		{52A6F817-53E4-44AC-93E2-9F6ADA688B9D}.Release|x64.ActiveCfg = Release|x64
		{52A6F817-53E4-44AC-93E2-9F6ADA688B9D}.Release|x64.Build.0 = Release|x64
		{52A6F817-53E4-44AC-93E2-9F6ADA688B9D}.Release|x86.ActiveCfg = Release|Win32
		{52A6F817-53E4-44AC-93E2-9F6ADA688B9D}.Release|x86.Build.0 = Release|Win32
		{9E9F96DF-DC4B-4697-8D06-A478D2D6FC91}.Debug|x64.ActiveCfg = Debug|x64
		{9E9F96DF-DC4B-4697-8D06-A478D2D6FC91}.Debug|x64.Build.0 = Debug|x64
		{9E9F96DF-DC4B-4697-8D06-A478D2D6FC91}.Debug|x86.ActiveCfg = Debug|Win32
		{9E9F96DF-DC4B-4697-8D06-A478D2D6FC91}.Debug|x86.Build.0 = Debug|Win32
		{9E9F96DF-DC4B-4697-8D06-A478D2D6FC91}.Release|x64.ActiveCfg = Release|x64
		{9E9F96DF-DC4B-4697-8D06-A478D2D6FC91}.Release|x64.Build.0 = Release|x64
		{9E9F96DF-DC4B-4697-8D06-A478D2D6FC91}.Release|x86.ActiveCfg = Release|Win32
		{9E9F96DF-DC4B-4697-8D06-A478D2D6FC91}.Release|x86.Build.0 = Release|Win32
		{540A6AE2-2314-42EC-833F-40F86F753B0C}.Debug|x64.ActiveCfg = Debug|x64
		{540A6AE2-2314-42EC-833F-40F86F753B0C}.Debug|x64.Build.0 = Debug|x64
		{540A6AE2-2314-42EC-833F-40F86F753B0C}.Debug|x86.ActiveCfg = Debug|Win32
		{540A6AE2-2314-42EC-833F-40F86F753B0C}.Debug|x86.Build.0 = Debug|Win32
		{540A6AE2-2314-42EC-833F-40F86F753B0C}.Release|x64.ActiveCfg = Release|x64
		{540A6AE2-2314-42EC-833F-40F86F753B0C}.Release|x64.Build.0 = Release|x64
		{540A6AE2-2314-42EC-833F-40F86F753B0C}.Release|x86.ActiveCfg = Release|Win32
		{540A6AE2-2314-42EC-833F-40F86F753B0C}.Release|x86.Build.0 = Release|Win32
		{10870836-91AE-4BEF-AC88-039CFDC42259}.Debug|x64.ActiveCfg = Debug|x64
		{10870836-91AE-4BEF-AC88-039CFDC42259}.Debug|x64.Build.0 = Debug|x64
		{10870836-91AE-4BEF-AC88-039CFDC42259}.Debug|x86.ActiveCfg = Debug|Win32
		{10870836-91AE-4BEF-AC88-039CFDC42259}.Debug|x86.Build.0 = Debug|Win32
		{10870836-91AE-4BEF-AC88-039CFDC42259}.Release|x64.ActiveCfg = Release|x64
		{10870836-91AE-4BEF-AC88-039CFDC42259}.Release|x64.Build.0 = Release|x64
		{10870836-91AE-4BEF-AC88-039CFDC42259}.Release|x86.ActiveCfg = Release|Win32
		{10870836-91AE-4BEF-AC88-039CFDC42259}.Release|x86.Build.0 = Release|Win32
		{F7DEDC65-C687-4703-A880-0CCEA6704BA3}.Debug|x64.ActiveCfg = Debug|x64
		{F7DEDC65-C687-4703-A880-0CCEA6704BA3}.Debug|x64.Build.0 = Debug|x64
		{F7DEDC65-C687-4703-A880-0CCEA6704BA3}.Debug|x86.ActiveCfg = Debug|Win32
		{F7DEDC65-C687-4703-A880-0CCEA6704BA3}.Debug|x86.Build.0 = Debug|Win32
		{F7DEDC65-C687-4703-A880-0CCEA6704BA3}.Release|x64.ActiveCfg = Release|x64
		{F7DEDC65-C687-4703-A880-0CCEA6704BA3}.Release|x64.Build.0 = Release|x64
		{F7DEDC65-C687-4703-A880-0CCEA6704BA3}.Release|x86.ActiveCfg = Release|Win32
		{F7DEDC65-C687-4703-A880-0CCEA6704BA3}.Release|x86.Build.0 = Release|Win32
		{BA04AADF-4CB8-445E-AC2E-D023B221D3D8}.Debug|x64.ActiveCfg = Debug|x64
		{BA04AADF-4CB8-445E-AC2E-D023B221D3D8}.Debug|x64.Build.0 = Debug|x64
		{BA04AADF-4CB8-445E-AC2E-D023B221D3D8}.Debug|x86.ActiveCfg = Debug|Win32
		{BA04AADF-4CB8-445E-AC2E-D023B221D3D8}.Debug|x86.Build.0 = Debug|Win32
		{BA04AADF-4CB8-445E-AC2E-D023B221D3D8}.Release|x64.ActiveCfg = Release|x64
		{BA04AADF-4CB8-445E-AC2E-D023B221D3D8}.Release|x64.Build.0 = Release|x64
		{BA04AADF-4CB8-445E-AC2E-D023B221D3D8}.Release|x86.ActiveCfg = Release|Win32
		{BA04AADF-4CB8-445E-AC2E-D023B221D3D8}.Release|x86.Build.0 = Release|Win32
		{3757AAE8-4838-4467-BC88-F34A387DB6CD}.Debug|x64.ActiveCfg = Debug|x64
		{3757AAE8-4838-4467-BC88-F34A387DB6CD}.Debug|x64.Build.0 = Debug|x64
		{3757AAE8-4838-4467-BC88-F34A387DB6CD}.Debug|x86.ActiveCfg = Debug|Win32
		{3757AAE8-4838-4467-BC88-F34A387DB6CD}.Debug|x86.Build.0 = Debug|Win32
		{3757AAE8-4838-4467-BC88-F34A387DB6CD}.Release|x64.ActiveCfg = Release|x64
		{3757AAE8-4838-4467-BC88-F34A387DB6CD}.Release|x64.Build.0 = Release|x64
		{3757AAE8-4838-4467-BC88-F34A387DB6CD}.Release|x86.ActiveCfg = Release|Win32
		{3757AAE8-4838-4467-BC88-F34A387DB6CD}.Release|x86.Build.0 = Release|Win32
		{406C33F1-610C-450C-90F6-E92448E1CA61}.Debug|x64.ActiveCfg = Debug|x64
		{406C33F1-610C-450C-90F6-E92448E1CA61}.Debug|x64.Build.0 = Debug|x64
		{406C33F1-610C-450C-90F6-E92448E1CA61}.Debug|x86.ActiveCfg = Debug|Win32
		{406C33F1-610C-450C-90F6-E92448E1CA61}.Debug|x86.Build.0 = Debug|Win32
		{406C33F1-610C-450C-90F6-E92448E1CA61}.Release|x64.ActiveCfg = Release|x64
		{406C33F1-610C-450C-90F6-E92448E1CA61}.Release|x64.Build.0 = Release|x64
		{406C33F1-610C-450C-90F6-E92448E1CA61}.Release|x86.ActiveCfg = Release|Win32
		{406C33F1-610C-450C-90F6-E92448E1CA61}.Release|x86.Build.0 = Release|Win32
		{E29342BE-43B4-447B-B937-9B5480874B01}.Debug|x64.ActiveCfg = Debug|x64
		{E29342BE-43B4-447B-B937-9B5480874B01}.Debug|x64.Build.0 = Debug|x64
		{E29342BE-43B4-447B-B937-9B5480874B01}.Debug|x86.ActiveCfg = Debug|Win32
		{E29342BE-43B4-447B-B937-9B5480874B01}.Debug|x86.Build.0 = Debug|Win32
		{E29342BE-43B4-447B-B937-9B5480874B01}.Release|x64.ActiveCfg = Release|x64
		{E29342BE-43B4-447B-B937-9B5480874B01}.Release|x64.Build.0 = Release|x64
		{E29342BE-43B4-447B-B937-9B5480874B01}.Release|x86.ActiveCfg = Release|Win32
		{E29342BE-43B4-447B-B937-9B5480874B01}.Release|x86.Build.0 = Release|Win32
		{2CBB9CF9-DA52-4657-901B-F724308075D5}.Debug|x64.ActiveCfg = Debug|x64
		{2CBB9CF9-DA52-4657-901B-F724308075D5}.Debug|x64.Build.0 = Debug|x64
		{2CBB9CF9-DA52-4657-901B-F724308075D5}.Debug|x86.ActiveCfg = Debug|Win32
		{2CBB9CF9-DA52-4657-901B-F724308075D5}.Debug|x86.Build.0 = Debug|Win32
		{2CBB9CF9-DA52-4657-901B-F724308075D5}.Release|x64.ActiveCfg = Release|x64
		{2CBB9CF9-DA52-4657-901B-F724308075D5}.Release|x64.Build.0 = Release|x64
		{2CBB9CF9-DA52-4657-901B-F724308075D5}.Release|x86.ActiveCfg = Release|Win32
		{2CBB9CF9-DA52-4657-901B-F724308075D5}.Release|x86.Build.0 = Release|Win32
		{EAF8D44E-5407-4F33-BC41-F858C77C6BF4}.Debug|x64.ActiveCfg = Debug|x64
		{EAF8D44E-5407-4F33-BC41-F858C77C6BF4}.Debug|x64.Build.0 = Debug|x64
		{EAF8D44E-5407-4F33-BC41-F858C77C6BF4}.Debug|x86.ActiveCfg = Debug|Win32
		{EAF8D44E-5407-4F33-BC41-F858C77C6BF4}.Debug|x86.Build.0 = Debug|Win32
		{EAF8D44E-5407-4F33-BC41-F858C77C6BF4}.Release|x64.ActiveCfg = Release|x64
		{EAF8D44E-5407-4F33-BC41-F858C77C6BF4}.Release|x64.Build.0 = Release|x64
		{EAF8D44E-5407-4F33-BC41-F858C77C6BF4}.Release|x86.ActiveCfg = Release|Win32
		{EAF8D44E-5407-4F33-BC41-F858C77C6BF4}.Release|x86.Build.0 = Release|Win32
		{417C2F68-3036-4495-B90C-7B8DCE1DDA7E}.Debug|x64.ActiveCfg = Debug|x64
		{417C2F68-3036-4495-B90C-7B8DCE1DDA7E}.Debug|x64.Build.0 = Debug|x64
		{417C2F68-3036-4495-B90C-7B8DCE1DDA7E}.Debug|x86.ActiveCfg = Debug|Win32
		{417C2F68-3036-4495-B90C-7B8DCE1DDA7E}.Debug|x86.Build.0 = Debug|Win32
		{417C2F68-3036-4495-B90C-7B8DCE1DDA7E}.Release|x64.ActiveCfg = Release|x64
		{417C2F68-3036-4495-B90C-7B8DCE1DDA7E}.Release|x64.Build.0 = Release|x64
		{417C2F68-3036-4495-B90C-7B8DCE1DDA7E}.Release|x86.ActiveCfg = Release|Win32
		{417C2F68-3036-4495-B90C-7B8DCE1DDA7E}.Release|x86.Build.0 = Release|Win32
		{824AD1E8-C12A-4351-A65E-5AD04030DCE7}.Debug|x64.ActiveCfg = Debug|x64
		{824AD1E8-C12A-4351-A65E-5AD04030DCE7}.Debug|x64.Build.0 = Debug|x64
		{824AD1E8-C12A-4351-A65E-5AD04030DCE7}.Debug|x86.ActiveCfg = Debug|Win32
		{824AD1E8-C12A-4351-A65E-5AD04030DCE7}.Debug|x86.Build.0 = Debug|Win32
		{824AD1E8-C12A-4351-A65E-5AD04030DCE7}.Release|x64.ActiveCfg = Release|x64
		{824AD1E8-C12A-4351-A65E-5AD04030DCE7}.Release|x64.Build.0 = Release|x64
		{824AD1E8-C12A-4351-A65E-5AD04030DCE7}.Release|x86.ActiveCfg = Release|Win32
		{824AD1E8-C12A-4351-A65E-5AD04030DCE7}.Release|x86.Build.0 = Release|Win32
		{79A86A20-93B1-488C-ACD5-5812C975DFFB}.Debug|x64.ActiveCfg = Debug|x64
		{79A86A20-93B1-488C-ACD5-5812C975DFFB}.Debug|x64.Build.0 = Debug|x64
		{79A86A20-93B1-488C-ACD5-5812C975DFFB}.Debug|x86.ActiveCfg = Debug|Win32
		{79A86A20-93B1-488C-ACD5-5812C975DFFB}.Debug|x86.Build.0 = Debug|Win32
		{79A86A20-93B1-488C-ACD5-5812C975DFFB}.Release|x64.ActiveCfg = Release|x64
		{79A86A20-93B1-488C-ACD5-5812C975DFFB}.Release|x64.Build.0 = Release|x64
		{79A86A20-93B1-488C-ACD5-5812C975DFFB}.Release|x86.ActiveCfg = Release|Win32
		{79A86A20-93B1-488C-ACD5-5812C975DFFB}.Release|x86.Build.0 = Release|Win32
		{06A0C08A-C2AF-4EB4-B9E9-13FA5DB4EEA0}.Debug|x64.ActiveCfg = Debug|x64
		{06A0C08A-C2AF-4EB4-B9E9-13FA5DB4EEA0}.Debug|x64.Build.0 = Debug|x64
		{06A0C08A-C2AF-4EB4-B9E9-13FA5DB4EEA0}.Debug|x86.ActiveCfg = Debug|Win32
		{06A0C08A-C2AF-4EB4-B9E9-13FA5DB4EEA0}.Debug|x86.Build.0 = Debug|Win32
		{06A0C08A-C2AF-4EB4-B9E9-13FA5DB4EEA0}.Release|x64.ActiveCfg = Release|x64
		{06A0C08A-C2AF-4EB4-B9E9-13FA5DB4EEA0}.Release|x64.Build.0 = Release|x64
		{06A0C08A-C2AF-4EB4-B9E9-13FA5DB4EEA0}.Release|x86.ActiveCfg = Release|Win32
		{06A0C08A-C2AF-4EB4-B9E9-13FA5DB4EEA0}.Release|x86.Build.0 = Release|Win32
		{B9A3EB10-164E-4C42-ACBB-B84C3ECEF1AE}.Debug|x64.ActiveCfg = Debug|x64
		{B9A3EB10-164E-4C42-ACBB-B84C3ECEF1AE}.Debug|x64.Build.0 = Debug|x64
		{B9A3EB10-164E-4C42-ACBB-B84C3ECEF1AE}.Debug|x86.ActiveCfg = Debug|Win32
		{B9A3EB10-164E-4C42-ACBB-B84C3ECEF1AE}.Debug|x86.Build.0 = Debug|Win32
		{B9A3EB10-164E-4C42-ACBB-B84C3ECEF1AE}.Release|x64.ActiveCfg = Release|x64
		{B9A3EB10-164E-4C42-ACBB-B84C3ECEF1AE}.Release|x64.Build.0 = Release|x64
		{B9A3EB10-164E-4C42-ACBB-B84C3ECEF1AE}.Release|x86.ActiveCfg = Release|Win32
		{B9A3EB10-164E-4C42-ACBB-B84C3ECEF1AE}.Release|x86.Build.0 = Release|Win32
		{1E4F47D3-3EFC-444C-99BE-8904763C23AB}.Debug|x64.ActiveCfg = Debug|x64
		{1E4F47D3-3EFC-444C-99BE-8904763C23AB}.Debug|x64.Build.0 = Debug|x64
		{1E4F47D3-3EFC-444C-99BE-8904763C23AB}.Debug|x86.ActiveCfg = Debug|Win32
		{1E4F47D3-3EFC-444C-99BE-8904763C23AB}.Debug|x86.Build.0 = Debug|Win32
		{1E4F47D3-3EFC-444C-99BE-8904763C23AB}.Release|x64.ActiveCfg = Release|x64
		{1E4F47D3-3EFC-444C-99BE-8904763C23AB}.Release|x64.Build.0 = Release|x64
		{1E4F47D3-3EFC-444C-99BE-8904763C23AB}.Release|x86.ActiveCfg = Release|Win32
		{1E4F47D3-3EFC-444C-99BE-8904763C23AB}.Release|x86.Build.0 = Release|Win32
	EndGlobalSection
	GlobalSection(SolutionProperties) = preSolution
		HideSolutionNode = FALSE
	EndGlobalSection
	GlobalSection(ExtensibilityGlobals) = postSolution
		SolutionGuid = {5D796EC7-80E5-4555-B5FE-A39BC0DB7BBD}
	EndGlobalSection
EndGlobal
